
Microsoft Visual Studio Solution File, Format Version 12.00
# Visual Studio Version 17
VisualStudioVersion = 17.5.002.0
MinimumVisualStudioVersion = 10.0.40219.1
Project("{9A19103F-16F7-4668-BE54-9A1E7A4F7556}") = "Laba-2", "Laba-2.csproj", "{39E37C22-EC49-4CD0-B84B-C364801A9209}"
EndProject
Global
	GlobalSection(SolutionConfigurationPlatforms) = preSolution
		Debug|Any CPU = Debug|Any CPU
		Release|Any CPU = Release|Any CPU
	EndGlobalSection
	GlobalSection(ProjectConfigurationPlatforms) = postSolution
		{39E37C22-EC49-4CD0-B84B-C364801A9209}.Debug|Any CPU.ActiveCfg = Debug|Any CPU
		{39E37C22-EC49-4CD0-B84B-C364801A9209}.Debug|Any CPU.Build.0 = Debug|Any CPU
		{39E37C22-EC49-4CD0-B84B-C364801A9209}.Release|Any CPU.ActiveCfg = Release|Any CPU
		{39E37C22-EC49-4CD0-B84B-C364801A9209}.Release|Any CPU.Build.0 = Release|Any CPU
	EndGlobalSection
	GlobalSection(SolutionProperties) = preSolution
		HideSolutionNode = FALSE
	EndGlobalSection
	GlobalSection(ExtensibilityGlobals) = postSolution
		SolutionGuid = {FE80E589-D21D-4BEE-93F4-CE2E3CF9BC58}
	EndGlobalSection
EndGlobal
